# This file is automatically @generated by Cargo.
# It is not intended for manual editing.
[[package]]
name = "bitstream-io"
version = "1.0.0"
source = "registry+https://github.com/rust-lang/crates.io-index"
checksum = "03539c739e37dab2c322ce07b1990089ca1fc7ad14b813e1538bf11bef98fe06"

[[package]]
name = "bitvec"
version = "0.21.1"
source = "registry+https://github.com/rust-lang/crates.io-index"
checksum = "d23f76a953a42e113af6b4f3481ca32ff0a1ddbdcaa714a2333c956807b74a5f"
dependencies = [
 "funty",
 "radium",
 "tap",
 "wyz",
]

[[package]]
name = "crc-any"
version = "2.3.5"
source = "registry+https://github.com/rust-lang/crates.io-index"
checksum = "c3784befdf9469f4d51c69ef0b774f6a99de6bcc655285f746f16e0dd63d9007"
dependencies = [
 "debug-helper",
]

[[package]]
name = "darling"
version = "0.11.0"
source = "registry+https://github.com/rust-lang/crates.io-index"
checksum = "dbffa8f8e38810422f320ca457a93cf1cd0056dc9c06c556b867558e0d471463"
dependencies = [
 "darling_core",
 "darling_macro",
]

[[package]]
name = "darling_core"
version = "0.11.0"
source = "registry+https://github.com/rust-lang/crates.io-index"
checksum = "06e172685d94b7b83800e3256a63261537b9d6129e10f21c8e13ddf9dba8c64d"
dependencies = [
 "fnv",
 "ident_case",
 "proc-macro2",
 "quote",
 "strsim",
 "syn",
]

[[package]]
name = "darling_macro"
version = "0.11.0"
source = "registry+https://github.com/rust-lang/crates.io-index"
checksum = "f0618ac802792cebd1918ac6042a6ea1eeab92db34b35656afaa577929820788"
dependencies = [
 "darling_core",
 "quote",
 "syn",
]

[[package]]
name = "debug-helper"
version = "0.3.10"
source = "registry+https://github.com/rust-lang/crates.io-index"
checksum = "9a8a5bb894f24f42c247f19b25928a88e31867c0f84552c05df41a9dd527435e"

[[package]]
name = "deku"
version = "0.11.0"
source = "registry+https://github.com/rust-lang/crates.io-index"
checksum = "06ee7a155a215e6b2928a6e42a78fbb4c9bd84796b224f325098aee1cddc3c43"
dependencies = [
 "bitvec",
 "deku_derive",
]

[[package]]
name = "deku_derive"
version = "0.11.0"
source = "registry+https://github.com/rust-lang/crates.io-index"
checksum = "908f2e641433255269f274556600d8a87002fd1735ac22c1f110f2a5c76c417d"
dependencies = [
 "darling",
 "proc-macro-crate",
 "proc-macro2",
 "quote",
 "syn",
]

[[package]]
name = "fnv"
version = "1.0.7"
source = "registry+https://github.com/rust-lang/crates.io-index"
checksum = "3f9eec918d3f24069decb9af1554cad7c880e2da24a9afd88aca000531ab82c1"

[[package]]
name = "funty"
version = "1.2.0"
source = "registry+https://github.com/rust-lang/crates.io-index"
checksum = "1847abb9cb65d566acd5942e94aea9c8f547ad02c98e1649326fc0e8910b8b1e"

[[package]]
name = "ident_case"
version = "1.0.1"
source = "registry+https://github.com/rust-lang/crates.io-index"
checksum = "b9e0384b61958566e926dc50660321d12159025e767c18e043daf26b70104c39"

[[package]]
name = "proc-macro-crate"
version = "0.1.5"
source = "registry+https://github.com/rust-lang/crates.io-index"
checksum = "1d6ea3c4595b96363c13943497db34af4460fb474a95c43f4446ad341b8c9785"
dependencies = [
 "toml",
]

[[package]]
name = "proc-macro2"
version = "1.0.24"
source = "registry+https://github.com/rust-lang/crates.io-index"
checksum = "1e0704ee1a7e00d7bb417d0770ea303c1bccbabf0ef1667dae92b5967f5f8a71"
dependencies = [
 "unicode-xid",
]

[[package]]
name = "quote"
version = "1.0.9"
source = "registry+https://github.com/rust-lang/crates.io-index"
checksum = "c3d0b9745dc2debf507c8422de05d7226cc1f0644216dfdfead988f9b1ab32a7"
dependencies = [
 "proc-macro2",
]

[[package]]
name = "radium"
version = "0.6.2"
source = "registry+https://github.com/rust-lang/crates.io-index"
checksum = "643f8f41a8ebc4c5dc4515c82bb8abd397b527fc20fd681b7c011c2aee5d44fb"

[[package]]
name = "serde"
version = "1.0.124"
source = "registry+https://github.com/rust-lang/crates.io-index"
checksum = "bd761ff957cb2a45fbb9ab3da6512de9de55872866160b23c25f1a841e99d29f"

[[package]]
name = "strsim"
version = "0.10.0"
source = "registry+https://github.com/rust-lang/crates.io-index"
checksum = "73473c0e59e6d5812c5dfe2a064a6444949f089e20eec9a2e5506596494e4623"

[[package]]
name = "syn"
version = "1.0.64"
source = "registry+https://github.com/rust-lang/crates.io-index"
checksum = "3fd9d1e9976102a03c542daa2eff1b43f9d72306342f3f8b3ed5fb8908195d6f"
dependencies = [
 "proc-macro2",
 "quote",
 "unicode-xid",
]

[[package]]
name = "tap"
version = "1.0.1"
source = "registry+https://github.com/rust-lang/crates.io-index"
checksum = "55937e1799185b12863d447f42597ed69d9928686b8d88a1df17376a097d8369"

[[package]]
name = "toml"
version = "0.5.8"
source = "registry+https://github.com/rust-lang/crates.io-index"
checksum = "a31142970826733df8241ef35dc040ef98c679ab14d7c3e54d827099b3acecaa"
dependencies = [
 "serde",
]

[[package]]
name = "unicode-xid"
version = "0.2.1"
source = "registry+https://github.com/rust-lang/crates.io-index"
checksum = "f7fe0bb3479651439c9112f72b6c505038574c9fbb575ed1bf3b797fa39dd564"

[[package]]
name = "vorbis_decoder"
version = "0.1.0"
dependencies = [
 "bitstream-io",
 "crc-any",
 "deku",
]

[[package]]
name = "wyz"
version = "0.2.0"
source = "registry+https://github.com/rust-lang/crates.io-index"
checksum = "85e60b0d1b5f99db2556934e21937020776a5d31520bf169e851ac44e6420214"
